
Microsoft Visual Studio Solution File, Format Version 12.00
# Visual Studio 2015
Project("{FAE04EC0-301F-11D3-BF4B-00C04F79EFBC}") = "Signovoca(1st_try)", "Signovoca(1st_try).csproj", "{D8E973B0-B84E-6B53-AE72-54F8683B721F}"
EndProject
Project("{FAE04EC0-301F-11D3-BF4B-00C04F79EFBC}") = "Signovoca(1st_try).Editor", "Signovoca(1st_try).Editor.csproj", "{9B317C51-1BD7-51B8-8235-ABCE566D16E4}"
EndProject
Global
	GlobalSection(SolutionConfigurationPlatforms) = preSolution
		Debug|Any CPU = Debug|Any CPU
		Release|Any CPU = Release|Any CPU
	EndGlobalSection
	GlobalSection(ProjectConfigurationPlatforms) = postSolution
		{D8E973B0-B84E-6B53-AE72-54F8683B721F}.Debug|Any CPU.ActiveCfg = Debug|Any CPU
		{D8E973B0-B84E-6B53-AE72-54F8683B721F}.Debug|Any CPU.Build.0 = Debug|Any CPU
		{D8E973B0-B84E-6B53-AE72-54F8683B721F}.Release|Any CPU.ActiveCfg = Release|Any CPU
		{D8E973B0-B84E-6B53-AE72-54F8683B721F}.Release|Any CPU.Build.0 = Release|Any CPU
		{9B317C51-1BD7-51B8-8235-ABCE566D16E4}.Debug|Any CPU.ActiveCfg = Debug|Any CPU
		{9B317C51-1BD7-51B8-8235-ABCE566D16E4}.Debug|Any CPU.Build.0 = Debug|Any CPU
		{9B317C51-1BD7-51B8-8235-ABCE566D16E4}.Release|Any CPU.ActiveCfg = Release|Any CPU
		{9B317C51-1BD7-51B8-8235-ABCE566D16E4}.Release|Any CPU.Build.0 = Release|Any CPU
	EndGlobalSection
	GlobalSection(SolutionProperties) = preSolution
		HideSolutionNode = FALSE
	EndGlobalSection
EndGlobal
